
Microsoft Visual Studio Solution File, Format Version 12.00
# Visual Studio Version 16
VisualStudioVersion = 16.0.30621.155
MinimumVisualStudioVersion = 10.0.40219.1
Project("{FAE04EC0-301F-11D3-BF4B-00C04F79EFBC}") = "ResturantRater", "ResturantRater\ResturantRater.csproj", "{1CDFEEFF-3B4A-413D-A348-760D0A4CF652}"
EndProject
Global
	GlobalSection(SolutionConfigurationPlatforms) = preSolution
		Debug|Any CPU = Debug|Any CPU
		Release|Any CPU = Release|Any CPU
	EndGlobalSection
	GlobalSection(ProjectConfigurationPlatforms) = postSolution
		{1CDFEEFF-3B4A-413D-A348-760D0A4CF652}.Debug|Any CPU.ActiveCfg = Debug|Any CPU
		{1CDFEEFF-3B4A-413D-A348-760D0A4CF652}.Debug|Any CPU.Build.0 = Debug|Any CPU
		{1CDFEEFF-3B4A-413D-A348-760D0A4CF652}.Release|Any CPU.ActiveCfg = Release|Any CPU
		{1CDFEEFF-3B4A-413D-A348-760D0A4CF652}.Release|Any CPU.Build.0 = Release|Any CPU
	EndGlobalSection
	GlobalSection(SolutionProperties) = preSolution
		HideSolutionNode = FALSE
	EndGlobalSection
	GlobalSection(ExtensibilityGlobals) = postSolution
		SolutionGuid = {EF02AE33-9554-48FB-9EF5-9F40492462DC}
	EndGlobalSection
EndGlobal
